# This file is automatically @generated by Cargo.
# It is not intended for manual editing.
version = 4

[[package]]
name = "chat_cli"
version = "0.1.0"
dependencies = [
 "chat_client",
]

[[package]]
name = "chat_client"
version = "0.1.0"
dependencies = [
 "stp",
]

[[package]]
name = "chat_server"
version = "0.1.0"
dependencies = [
 "stp",
]

[[package]]
name = "stp"
version = "0.1.0"
